
Microsoft Visual Studio Solution File, Format Version 12.00
# Visual Studio Version 17
VisualStudioVersion = 17.0.32112.339
MinimumVisualStudioVersion = 10.0.40219.1
Project("{FAE04EC0-301F-11D3-BF4B-00C04F79EFBC}") = "PolyclinicDALCrossPlatform", "PolyclinicDALCrossPlatform\PolyclinicDALCrossPlatform.csproj", "{63AFAA04-0E53-49CA-B405-3D69D69D43F1}"
EndProject
Project("{FAE04EC0-301F-11D3-BF4B-00C04F79EFBC}") = "PolyclinicWebServices", "PolyclinicWebServices\PolyclinicWebServices.csproj", "{36EC85E9-4D69-4845-AD8A-09E3323540EA}"
EndProject
Global
	GlobalSection(SolutionConfigurationPlatforms) = preSolution
		Debug|Any CPU = Debug|Any CPU
		Release|Any CPU = Release|Any CPU
	EndGlobalSection
	GlobalSection(ProjectConfigurationPlatforms) = postSolution
		{63AFAA04-0E53-49CA-B405-3D69D69D43F1}.Debug|Any CPU.ActiveCfg = Debug|Any CPU
		{63AFAA04-0E53-49CA-B405-3D69D69D43F1}.Debug|Any CPU.Build.0 = Debug|Any CPU
		{63AFAA04-0E53-49CA-B405-3D69D69D43F1}.Release|Any CPU.ActiveCfg = Release|Any CPU
		{63AFAA04-0E53-49CA-B405-3D69D69D43F1}.Release|Any CPU.Build.0 = Release|Any CPU
		{36EC85E9-4D69-4845-AD8A-09E3323540EA}.Debug|Any CPU.ActiveCfg = Debug|Any CPU
		{36EC85E9-4D69-4845-AD8A-09E3323540EA}.Debug|Any CPU.Build.0 = Debug|Any CPU
		{36EC85E9-4D69-4845-AD8A-09E3323540EA}.Release|Any CPU.ActiveCfg = Release|Any CPU
		{36EC85E9-4D69-4845-AD8A-09E3323540EA}.Release|Any CPU.Build.0 = Release|Any CPU
	EndGlobalSection
	GlobalSection(SolutionProperties) = preSolution
		HideSolutionNode = FALSE
	EndGlobalSection
	GlobalSection(ExtensibilityGlobals) = postSolution
		SolutionGuid = {9F0625B7-8A75-4DF2-8E9D-879DCC01C07B}
	EndGlobalSection
EndGlobal
